{
  "name": "redux-prim",
  "version": "0.1.7",
  "lockfileVersion": 1,
  "requires": true,
  "dependencies": {
    "typescript": {
      "version": "4.0.5",
      "resolved": "http://bnpm.byted.org/typescript/download/typescript-4.0.5.tgz",
      "integrity": "sha1-rp3d/RBp8ctb6z7zshcN18EzI4k=",
      "dev": true
    }
  }
}
