{
  "name": "redux-prim",
  "version": "1.0.0",
  "lockfileVersion": 1,
  "requires": true,
  "dependencies": {
    "@types/estree": {
      "version": "0.0.39",
      "resolved": "http://registry.npm.qiwoo.org/@types/estree/download/@types/estree-0.0.39.tgz",
      "integrity": "sha1-4Xfmme4bjCLSMXTKqnQiZEOJUJ8=",
      "dev": true
    },
    "@types/node": {
      "version": "10.5.3",
      "resolved": "http://registry.npm.qiwoo.org/@types/node/download/@types/node-10.5.3.tgz",
      "integrity": "sha1-W8+vCIrReJQjIBKHdmljTAayDMU=",
      "dev": true
    },
    "lodash": {
      "version": "4.17.10",
      "resolved": "https://registry.npmjs.org/lodash/-/lodash-4.17.10.tgz",
      "integrity": "sha512-UejweD1pDoXu+AD825lWwp4ZGtSwgnpZxb3JDViD7StjQz+Nb/6l093lx4OQ0foGWNRoc19mWy7BzL+UAK2iVg=="
    },
    "rollup": {
      "version": "0.63.4",
      "resolved": "http://registry.npm.qiwoo.org/rollup/download/rollup-0.63.4.tgz",
      "integrity": "sha1-y1i/bCpsOFQsriUGhMlieZrXwAw=",
      "dev": true,
      "requires": {
        "@types/estree": "0.0.39",
        "@types/node": "10.5.3"
      }
    }
  }
}
